
Microsoft Visual Studio Solution File, Format Version 12.00
# Visual Studio Version 16
VisualStudioVersion = 25.0.1703.1
MinimumVisualStudioVersion = 10.0.40219.1
Project("{FAE04EC0-301F-11D3-BF4B-00C04F79EFBC}") = "lista-2", "lista-2\lista-2.csproj", "{2190CB39-D93A-46F0-8C68-87674F5A8B73}"
EndProject
Global
	GlobalSection(SolutionConfigurationPlatforms) = preSolution
		Debug|Any CPU = Debug|Any CPU
		Release|Any CPU = Release|Any CPU
	EndGlobalSection
	GlobalSection(ProjectConfigurationPlatforms) = postSolution
		{2190CB39-D93A-46F0-8C68-87674F5A8B73}.Debug|Any CPU.ActiveCfg = Debug|Any CPU
		{2190CB39-D93A-46F0-8C68-87674F5A8B73}.Debug|Any CPU.Build.0 = Debug|Any CPU
		{2190CB39-D93A-46F0-8C68-87674F5A8B73}.Release|Any CPU.ActiveCfg = Release|Any CPU
		{2190CB39-D93A-46F0-8C68-87674F5A8B73}.Release|Any CPU.Build.0 = Release|Any CPU
	EndGlobalSection
	GlobalSection(SolutionProperties) = preSolution
		HideSolutionNode = FALSE
	EndGlobalSection
	GlobalSection(ExtensibilityGlobals) = postSolution
		SolutionGuid = {C1D7A95A-BB14-4077-B88E-3611CB8195A5}
	EndGlobalSection
EndGlobal
